{
  "version": 4,
  "terraform_version": "1.9.2",
  "serial": 19,
  "lineage": "4322a1a7-44b6-8bcc-56fb-3fda49df127d",
  "outputs": {
    "output": {
      "value": [
        "raju",
        "sham",
        "baburao",
        "kammana"
      ],
      "type": [
        "tuple",
        [
          "string",
          "string",
          "string",
          "string"
        ]
      ]
    }
  },
  "resources": [
    {
      "mode": "managed",
      "type": "aws_iam_user",
      "name": "main",
      "provider": "provider[\"registry.terraform.io/hashicorp/aws\"]",
      "instances": [
        {
          "index_key": "baburao",
          "schema_version": 0,
          "attributes": {
            "arn": "arn:aws:iam::637423598633:user/baburao",
            "force_destroy": false,
            "id": "baburao",
            "name": "baburao",
            "path": "/",
            "permissions_boundary": "",
            "tags": null,
            "tags_all": {},
            "unique_id": "AIDAZI2LIHQUXZ7N5FY73"
          },
          "sensitive_attributes": [],
          "private": "bnVsbA=="
        },
        {
          "index_key": "kammana",
          "schema_version": 0,
          "attributes": {
            "arn": "arn:aws:iam::637423598633:user/kammana",
            "force_destroy": false,
            "id": "kammana",
            "name": "kammana",
            "path": "/",
            "permissions_boundary": "",
            "tags": null,
            "tags_all": {},
            "unique_id": "AIDAZI2LIHQUQ66HIT7PE"
          },
          "sensitive_attributes": [],
          "private": "bnVsbA=="
        },
        {
          "index_key": "raju",
          "schema_version": 0,
          "attributes": {
            "arn": "arn:aws:iam::637423598633:user/raju",
            "force_destroy": false,
            "id": "raju",
            "name": "raju",
            "path": "/",
            "permissions_boundary": "",
            "tags": null,
            "tags_all": {},
            "unique_id": "AIDAZI2LIHQU54RZLD7OQ"
          },
          "sensitive_attributes": [],
          "private": "bnVsbA=="
        },
        {
          "index_key": "sham",
          "schema_version": 0,
          "attributes": {
            "arn": "arn:aws:iam::637423598633:user/sham",
            "force_destroy": false,
            "id": "sham",
            "name": "sham",
            "path": "/",
            "permissions_boundary": "",
            "tags": null,
            "tags_all": {},
            "unique_id": "AIDAZI2LIHQUUIWN3NLKG"
          },
          "sensitive_attributes": [],
          "private": "bnVsbA=="
        }
      ]
    },
    {
      "mode": "managed",
      "type": "aws_iam_user_login_profile",
      "name": "name",
      "provider": "provider[\"registry.terraform.io/hashicorp/aws\"]",
      "instances": [
        {
          "index_key": "baburao",
          "schema_version": 0,
          "attributes": {
            "encrypted_password": null,
            "id": "baburao",
            "key_fingerprint": null,
            "password": "5j236vRN$qSC",
            "password_length": 12,
            "password_reset_required": null,
            "pgp_key": null,
            "user": "baburao"
          },
          "sensitive_attributes": [],
          "private": "bnVsbA==",
          "dependencies": [
            "aws_iam_user.main"
          ]
        },
        {
          "index_key": "kammana",
          "schema_version": 0,
          "attributes": {
            "encrypted_password": null,
            "id": "kammana",
            "key_fingerprint": null,
            "password": "a!M}WFE6caZ$",
            "password_length": 12,
            "password_reset_required": null,
            "pgp_key": null,
            "user": "kammana"
          },
          "sensitive_attributes": [],
          "private": "bnVsbA==",
          "dependencies": [
            "aws_iam_user.main"
          ]
        },
        {
          "index_key": "raju",
          "schema_version": 0,
          "attributes": {
            "encrypted_password": null,
            "id": "raju",
            "key_fingerprint": null,
            "password": "wQ[E14(h{u\u0026S",
            "password_length": 12,
            "password_reset_required": null,
            "pgp_key": null,
            "user": "raju"
          },
          "sensitive_attributes": [],
          "private": "bnVsbA==",
          "dependencies": [
            "aws_iam_user.main"
          ]
        },
        {
          "index_key": "sham",
          "schema_version": 0,
          "attributes": {
            "encrypted_password": null,
            "id": "sham",
            "key_fingerprint": null,
            "password": "sR$OcZzTXjH1",
            "password_length": 12,
            "password_reset_required": null,
            "pgp_key": null,
            "user": "sham"
          },
          "sensitive_attributes": [],
          "private": "bnVsbA==",
          "dependencies": [
            "aws_iam_user.main"
          ]
        }
      ]
    }
  ],
  "check_results": null
}
